// !$*UTF8*$!
{
	archiveVersion = 1;
	classes = {
	};
	objectVersion = 77;
	objects = {

/* Begin PBXBuildFile section */
		2102937C2F6E26BC00375E34 /* GoogleSignIn in Frameworks */ = {isa = PBXBuildFile; productRef = 2102937B2F6E26BC00375E34 /* GoogleSignIn */; };
		2102937E2F6E26BC00375E34 /* GoogleSignInSwift in Frameworks */ = {isa = PBXBuildFile; productRef = 2102937D2F6E26BC00375E34 /* GoogleSignInSwift */; };
		2102E2272F6C680C00F971E4 /* FirebaseAnalytics in Frameworks */ = {isa = PBXBuildFile; productRef = 2102E2262F6C680C00F971E4 /* FirebaseAnalytics */; };
		2102E2292F6C680C00F971E4 /* FirebaseAuth in Frameworks */ = {isa = PBXBuildFile; productRef = 2102E2282F6C680C00F971E4 /* FirebaseAuth */; };
		2102E22B2F6C680C00F971E4 /* FirebaseCore in Frameworks */ = {isa = PBXBuildFile; productRef = 2102E22A2F6C680C00F971E4 /* FirebaseCore */; };
		2102E22D2F6C680C00F971E4 /* FirebaseDatabase in Frameworks */ = {isa = PBXBuildFile; productRef = 2102E22C2F6C680C00F971E4 /* FirebaseDatabase */; };
		2102E22F2F6C680C00F971E4 /* FirebaseFirestore in Frameworks */ = {isa = PBXBuildFile; productRef = 2102E22E2F6C680C00F971E4 /* FirebaseFirestore */; };
		2102E2312F6C680C00F971E4 /* FirebaseStorage in Frameworks */ = {isa = PBXBuildFile; productRef = 2102E2302F6C680C00F971E4 /* FirebaseStorage */; };
		21FA50A32F70E97B00701BBB /* MarqueeText in Frameworks */ = {isa = PBXBuildFile; productRef = 21FA50A22F70E97B00701BBB /* MarqueeText */; };
/* End PBXBuildFile section */

/* Begin PBXFileReference section */
		2102E2172F6C67A500F971E4 /* admin-ios.app */ = {isa = PBXFileReference; explicitFileType = wrapper.application; includeInIndex = 0; path = "admin-ios.app"; sourceTree = BUILT_PRODUCTS_DIR; };
/* End PBXFileReference section */

/* Begin PBXFileSystemSynchronizedBuildFileExceptionSet section */
		2119CEDF2F78C20A0080A160 /* Exceptions for "admin-ios" folder in "admin-ios" target */ = {
			isa = PBXFileSystemSynchronizedBuildFileExceptionSet;
			membershipExceptions = (
				Info.plist,
			);
			target = 2102E2162F6C67A500F971E4 /* admin-ios */;
		};
/* End PBXFileSystemSynchronizedBuildFileExceptionSet section */

/* Begin PBXFileSystemSynchronizedRootGroup section */
		2102E2192F6C67A500F971E4 /* admin-ios */ = {
			isa = PBXFileSystemSynchronizedRootGroup;
			exceptions = (
				2119CEDF2F78C20A0080A160 /* Exceptions for "admin-ios" folder in "admin-ios" target */,
			);
			path = "admin-ios";
			sourceTree = "<group>";
		};
		2102E2412F6C687A00F971E4 /* sharedSwift */ = {
			isa = PBXFileSystemSynchronizedRootGroup;
			name = sharedSwift;
			path = ../sharedSwift;
			sourceTree = SOURCE_ROOT;
		};
/* End PBXFileSystemSynchronizedRootGroup section */

/* Begin PBXFrameworksBuildPhase section */
		2102E2142F6C67A500F971E4 /* Frameworks */ = {
			isa = PBXFrameworksBuildPhase;
			buildActionMask = 2147483647;
			files = (
				2102E2272F6C680C00F971E4 /* FirebaseAnalytics in Frameworks */,
				2102E22B2F6C680C00F971E4 /* FirebaseCore in Frameworks */,
				2102E22D2F6C680C00F971E4 /* FirebaseDatabase in Frameworks */,
				21FA50A32F70E97B00701BBB /* MarqueeText in Frameworks */,
				2102937E2F6E26BC00375E34 /* GoogleSignInSwift in Frameworks */,
				2102E22F2F6C680C00F971E4 /* FirebaseFirestore in Frameworks */,
				2102E2292F6C680C00F971E4 /* FirebaseAuth in Frameworks */,
				2102E2312F6C680C00F971E4 /* FirebaseStorage in Frameworks */,
				2102937C2F6E26BC00375E34 /* GoogleSignIn in Frameworks */,
			);
			runOnlyForDeploymentPostprocessing = 0;
		};
/* End PBXFrameworksBuildPhase section */

/* Begin PBXGroup section */
		2102E20E2F6C67A500F971E4 = {
			isa = PBXGroup;
			children = (
				2102E2412F6C687A00F971E4 /* sharedSwift */,
				2102E2192F6C67A500F971E4 /* admin-ios */,
				2102E2182F6C67A500F971E4 /* Products */,
			);
			sourceTree = "<group>";
		};
		2102E2182F6C67A500F971E4 /* Products */ = {
			isa = PBXGroup;
			children = (
				2102E2172F6C67A500F971E4 /* admin-ios.app */,
			);
			name = Products;
			sourceTree = "<group>";
		};
/* End PBXGroup section */

/* Begin PBXNativeTarget section */
		2102E2162F6C67A500F971E4 /* admin-ios */ = {
			isa = PBXNativeTarget;
			buildConfigurationList = 2102E2222F6C67A600F971E4 /* Build configuration list for PBXNativeTarget "admin-ios" */;
			buildPhases = (
				2102E2322F6C681600F971E4 /* Run Script */,
				2102E2132F6C67A500F971E4 /* Sources */,
				2102E2142F6C67A500F971E4 /* Frameworks */,
				2102E2152F6C67A500F971E4 /* Resources */,
			);
			buildRules = (
			);
			dependencies = (
			);
			fileSystemSynchronizedGroups = (
				2102E2192F6C67A500F971E4 /* admin-ios */,
				2102E2412F6C687A00F971E4 /* sharedSwift */,
			);
			name = "admin-ios";
			packageProductDependencies = (
				2102E2262F6C680C00F971E4 /* FirebaseAnalytics */,
				2102E2282F6C680C00F971E4 /* FirebaseAuth */,
				2102E22A2F6C680C00F971E4 /* FirebaseCore */,
				2102E22C2F6C680C00F971E4 /* FirebaseDatabase */,
				2102E22E2F6C680C00F971E4 /* FirebaseFirestore */,
				2102E2302F6C680C00F971E4 /* FirebaseStorage */,
				2102937B2F6E26BC00375E34 /* GoogleSignIn */,
				2102937D2F6E26BC00375E34 /* GoogleSignInSwift */,
				21FA50A22F70E97B00701BBB /* MarqueeText */,
			);
			productName = "admin-ios";
			productReference = 2102E2172F6C67A500F971E4 /* admin-ios.app */;
			productType = "com.apple.product-type.application";
		};
/* End PBXNativeTarget section */

/* Begin PBXProject section */
		2102E20F2F6C67A500F971E4 /* Project object */ = {
			isa = PBXProject;
			attributes = {
				BuildIndependentTargetsInParallel = 1;
				LastSwiftUpdateCheck = 2630;
				LastUpgradeCheck = 2630;
				TargetAttributes = {
					2102E2162F6C67A500F971E4 = {
						CreatedOnToolsVersion = 26.3;
					};
				};
			};
			buildConfigurationList = 2102E2122F6C67A500F971E4 /* Build configuration list for PBXProject "admin-ios" */;
			developmentRegion = en;
			hasScannedForEncodings = 0;
			knownRegions = (
				en,
				Base,
			);
			mainGroup = 2102E20E2F6C67A500F971E4;
			minimizedProjectReferenceProxies = 1;
			packageReferences = (
				2102E2252F6C680C00F971E4 /* XCRemoteSwiftPackageReference "firebase-ios-sdk" */,
				2102937A2F6E26BC00375E34 /* XCRemoteSwiftPackageReference "GoogleSignIn-iOS" */,
				21FA50A12F70E97B00701BBB /* XCRemoteSwiftPackageReference "MarqueeText" */,
			);
			preferredProjectObjectVersion = 77;
			productRefGroup = 2102E2182F6C67A500F971E4 /* Products */;
			projectDirPath = "";
			projectRoot = "";
			targets = (
				2102E2162F6C67A500F971E4 /* admin-ios */,
			);
		};
/* End PBXProject section */

/* Begin PBXResourcesBuildPhase section */
		2102E2152F6C67A500F971E4 /* Resources */ = {
			isa = PBXResourcesBuildPhase;
			buildActionMask = 2147483647;
			files = (
			);
			runOnlyForDeploymentPostprocessing = 0;
		};
/* End PBXResourcesBuildPhase section */

/* Begin PBXShellScriptBuildPhase section */
		2102E2322F6C681600F971E4 /* Run Script */ = {
			isa = PBXShellScriptBuildPhase;
			alwaysOutOfDate = 1;
			buildActionMask = 2147483647;
			files = (
			);
			inputFileListPaths = (
			);
			inputPaths = (
			);
			name = "Run Script";
			outputFileListPaths = (
			);
			outputPaths = (
			);
			runOnlyForDeploymentPostprocessing = 0;
			shellPath = /bin/sh;
			shellScript = "if [ \"YES\" = \"$OVERRIDE_KOTLIN_BUILD_IDE_SUPPORTED\" ]; then\n    echo \"Skipping Gradle build task invocation due to OVERRIDE_KOTLIN_BUILD_IDE_SUPPORTED environment variable set to \\\"YES\\\"\"\n    exit 0\nfi\n\nexport JAVA_HOME=$(/usr/libexec/java_home -v 17)\ncd \"$SRCROOT/../../..\"\n./gradlew :shared-admin:embedAndSignAppleFrameworkForXcode\n";
		};
/* End PBXShellScriptBuildPhase section */

/* Begin PBXSourcesBuildPhase section */
		2102E2132F6C67A500F971E4 /* Sources */ = {
			isa = PBXSourcesBuildPhase;
			buildActionMask = 2147483647;
			files = (
			);
			runOnlyForDeploymentPostprocessing = 0;
		};
/* End PBXSourcesBuildPhase section */

/* Begin XCBuildConfiguration section */
		2102E2202F6C67A600F971E4 /* Debug */ = {
			isa = XCBuildConfiguration;
			buildSettings = {
				ALWAYS_SEARCH_USER_PATHS = NO;
				ASSETCATALOG_COMPILER_GENERATE_SWIFT_ASSET_SYMBOL_EXTENSIONS = YES;
				CLANG_ANALYZER_NONNULL = YES;
				CLANG_ANALYZER_NUMBER_OBJECT_CONVERSION = YES_AGGRESSIVE;
				CLANG_CXX_LANGUAGE_STANDARD = "gnu++20";
				CLANG_ENABLE_MODULES = YES;
				CLANG_ENABLE_OBJC_ARC = YES;
				CLANG_ENABLE_OBJC_WEAK = YES;
				CLANG_WARN_BLOCK_CAPTURE_AUTORELEASING = YES;
				CLANG_WARN_BOOL_CONVERSION = YES;
				CLANG_WARN_COMMA = YES;
				CLANG_WARN_CONSTANT_CONVERSION = YES;
				CLANG_WARN_DEPRECATED_OBJC_IMPLEMENTATIONS = YES;
				CLANG_WARN_DIRECT_OBJC_ISA_USAGE = YES_ERROR;
				CLANG_WARN_DOCUMENTATION_COMMENTS = YES;
				CLANG_WARN_EMPTY_BODY = YES;
				CLANG_WARN_ENUM_CONVERSION = YES;
				CLANG_WARN_INFINITE_RECURSION = YES;
				CLANG_WARN_INT_CONVERSION = YES;
				CLANG_WARN_NON_LITERAL_NULL_CONVERSION = YES;
				CLANG_WARN_OBJC_IMPLICIT_RETAIN_SELF = YES;
				CLANG_WARN_OBJC_LITERAL_CONVERSION = YES;
				CLANG_WARN_OBJC_ROOT_CLASS = YES_ERROR;
				CLANG_WARN_QUOTED_INCLUDE_IN_FRAMEWORK_HEADER = YES;
				CLANG_WARN_RANGE_LOOP_ANALYSIS = YES;
				CLANG_WARN_STRICT_PROTOTYPES = YES;
				CLANG_WARN_SUSPICIOUS_MOVE = YES;
				CLANG_WARN_UNGUARDED_AVAILABILITY = YES_AGGRESSIVE;
				CLANG_WARN_UNREACHABLE_CODE = YES;
				CLANG_WARN__DUPLICATE_METHOD_MATCH = YES;
				COPY_PHASE_STRIP = NO;
				DEBUG_INFORMATION_FORMAT = dwarf;
				DEVELOPMENT_TEAM = PCUSPZK2L4;
				ENABLE_STRICT_OBJC_MSGSEND = YES;
				ENABLE_TESTABILITY = YES;
				ENABLE_USER_SCRIPT_SANDBOXING = NO;
				GCC_C_LANGUAGE_STANDARD = gnu17;
				GCC_DYNAMIC_NO_PIC = NO;
				GCC_NO_COMMON_BLOCKS = YES;
				GCC_OPTIMIZATION_LEVEL = 0;
				GCC_PREPROCESSOR_DEFINITIONS = (
					"DEBUG=1",
					"$(inherited)",
				);
				GCC_WARN_64_TO_32_BIT_CONVERSION = YES;
				GCC_WARN_ABOUT_RETURN_TYPE = YES_ERROR;
				GCC_WARN_UNDECLARED_SELECTOR = YES;
				GCC_WARN_UNINITIALIZED_AUTOS = YES_AGGRESSIVE;
				GCC_WARN_UNUSED_FUNCTION = YES;
				GCC_WARN_UNUSED_VARIABLE = YES;
				IPHONEOS_DEPLOYMENT_TARGET = 26.2;
				LOCALIZATION_PREFERS_STRING_CATALOGS = YES;
				MTL_ENABLE_DEBUG_INFO = INCLUDE_SOURCE;
				MTL_FAST_MATH = YES;
				ONLY_ACTIVE_ARCH = YES;
				SDKROOT = iphoneos;
				SWIFT_ACTIVE_COMPILATION_CONDITIONS = "DEBUG $(inherited)";
				SWIFT_OPTIMIZATION_LEVEL = "-Onone";
			};
			name = Debug;
		};
		2102E2212F6C67A600F971E4 /* Release */ = {
			isa = XCBuildConfiguration;
			buildSettings = {
				ALWAYS_SEARCH_USER_PATHS = NO;
				ASSETCATALOG_COMPILER_GENERATE_SWIFT_ASSET_SYMBOL_EXTENSIONS = YES;
				CLANG_ANALYZER_NONNULL = YES;
				CLANG_ANALYZER_NUMBER_OBJECT_CONVERSION = YES_AGGRESSIVE;
				CLANG_CXX_LANGUAGE_STANDARD = "gnu++20";
				CLANG_ENABLE_MODULES = YES;
				CLANG_ENABLE_OBJC_ARC = YES;
				CLANG_ENABLE_OBJC_WEAK = YES;
				CLANG_WARN_BLOCK_CAPTURE_AUTORELEASING = YES;
				CLANG_WARN_BOOL_CONVERSION = YES;
				CLANG_WARN_COMMA = YES;
				CLANG_WARN_CONSTANT_CONVERSION = YES;
				CLANG_WARN_DEPRECATED_OBJC_IMPLEMENTATIONS = YES;
				CLANG_WARN_DIRECT_OBJC_ISA_USAGE = YES_ERROR;
				CLANG_WARN_DOCUMENTATION_COMMENTS = YES;
				CLANG_WARN_EMPTY_BODY = YES;
				CLANG_WARN_ENUM_CONVERSION = YES;
				CLANG_WARN_INFINITE_RECURSION = YES;
				CLANG_WARN_INT_CONVERSION = YES;
				CLANG_WARN_NON_LITERAL_NULL_CONVERSION = YES;
				CLANG_WARN_OBJC_IMPLICIT_RETAIN_SELF = YES;
				CLANG_WARN_OBJC_LITERAL_CONVERSION = YES;
				CLANG_WARN_OBJC_ROOT_CLASS = YES_ERROR;
				CLANG_WARN_QUOTED_INCLUDE_IN_FRAMEWORK_HEADER = YES;
				CLANG_WARN_RANGE_LOOP_ANALYSIS = YES;
				CLANG_WARN_STRICT_PROTOTYPES = YES;
				CLANG_WARN_SUSPICIOUS_MOVE = YES;
				CLANG_WARN_UNGUARDED_AVAILABILITY = YES_AGGRESSIVE;
				CLANG_WARN_UNREACHABLE_CODE = YES;
				CLANG_WARN__DUPLICATE_METHOD_MATCH = YES;
				COPY_PHASE_STRIP = NO;
				DEBUG_INFORMATION_FORMAT = "dwarf-with-dsym";
				DEVELOPMENT_TEAM = PCUSPZK2L4;
				ENABLE_NS_ASSERTIONS = NO;
				ENABLE_STRICT_OBJC_MSGSEND = YES;
				ENABLE_USER_SCRIPT_SANDBOXING = NO;
				GCC_C_LANGUAGE_STANDARD = gnu17;
				GCC_NO_COMMON_BLOCKS = YES;
				GCC_WARN_64_TO_32_BIT_CONVERSION = YES;
				GCC_WARN_ABOUT_RETURN_TYPE = YES_ERROR;
				GCC_WARN_UNDECLARED_SELECTOR = YES;
				GCC_WARN_UNINITIALIZED_AUTOS = YES_AGGRESSIVE;
				GCC_WARN_UNUSED_FUNCTION = YES;
				GCC_WARN_UNUSED_VARIABLE = YES;
				IPHONEOS_DEPLOYMENT_TARGET = 26.2;
				LOCALIZATION_PREFERS_STRING_CATALOGS = YES;
				MTL_ENABLE_DEBUG_INFO = NO;
				MTL_FAST_MATH = YES;
				SDKROOT = iphoneos;
				SWIFT_COMPILATION_MODE = wholemodule;
				VALIDATE_PRODUCT = YES;
			};
			name = Release;
		};
		2102E2232F6C67A600F971E4 /* Debug */ = {
			isa = XCBuildConfiguration;
			buildSettings = {
				ASSETCATALOG_COMPILER_APPICON_NAME = mmm_appicon;
				ASSETCATALOG_COMPILER_GLOBAL_ACCENT_COLOR_NAME = AccentColor;
				CODE_SIGN_ENTITLEMENTS = "admin-ios/admin-ios.entitlements";
				CODE_SIGN_STYLE = Automatic;
				CURRENT_PROJECT_VERSION = 1;
				DEVELOPMENT_TEAM = PCUSPZK2L4;
				ENABLE_PREVIEWS = YES;
				GENERATE_INFOPLIST_FILE = YES;
				INFOPLIST_FILE = "admin-ios/Info.plist";
				INFOPLIST_KEY_CFBundleDisplayName = "Mini Manager";
				INFOPLIST_KEY_UIApplicationSceneManifest_Generation = YES;
				INFOPLIST_KEY_UIApplicationSupportsIndirectInputEvents = YES;
				INFOPLIST_KEY_UILaunchScreen_Generation = YES;
				INFOPLIST_KEY_UISupportedInterfaceOrientations = UIInterfaceOrientationPortrait;
				INFOPLIST_KEY_UISupportedInterfaceOrientations_iPad = "UIInterfaceOrientationLandscapeLeft UIInterfaceOrientationLandscapeRight UIInterfaceOrientationPortrait UIInterfaceOrientationPortraitUpsideDown";
				IPHONEOS_DEPLOYMENT_TARGET = 18.0;
				LD_RUNPATH_SEARCH_PATHS = (
					"$(inherited)",
					"@executable_path/Frameworks",
				);
				MARKETING_VERSION = 1.0;
				PRODUCT_BUNDLE_IDENTIFIER = com.garrettbutchko.minimate.admin;
				PRODUCT_NAME = "$(TARGET_NAME)";
				STRING_CATALOG_GENERATE_SYMBOLS = YES;
				SWIFT_ACTIVE_COMPILATION_CONDITIONS = MANAGER;
				"SWIFT_ACTIVE_COMPILATION_CONDITIONS[arch=*]" = DEBUG;
				SWIFT_APPROACHABLE_CONCURRENCY = YES;
				SWIFT_DEFAULT_ACTOR_ISOLATION = MainActor;
				SWIFT_EMIT_LOC_STRINGS = YES;
				SWIFT_UPCOMING_FEATURE_MEMBER_IMPORT_VISIBILITY = YES;
				SWIFT_VERSION = 5.0;
				TARGETED_DEVICE_FAMILY = "1,2";
			};
			name = Debug;
		};
		2102E2242F6C67A600F971E4 /* Release */ = {
			isa = XCBuildConfiguration;
			buildSettings = {
				ASSETCATALOG_COMPILER_APPICON_NAME = mmm_appicon;
				ASSETCATALOG_COMPILER_GLOBAL_ACCENT_COLOR_NAME = AccentColor;
				CODE_SIGN_ENTITLEMENTS = "admin-ios/admin-ios.entitlements";
				CODE_SIGN_STYLE = Automatic;
				CURRENT_PROJECT_VERSION = 1;
				DEVELOPMENT_TEAM = PCUSPZK2L4;
				ENABLE_PREVIEWS = YES;
				GENERATE_INFOPLIST_FILE = YES;
				INFOPLIST_FILE = "admin-ios/Info.plist";
				INFOPLIST_KEY_CFBundleDisplayName = "Mini Manager";
				INFOPLIST_KEY_UIApplicationSceneManifest_Generation = YES;
				INFOPLIST_KEY_UIApplicationSupportsIndirectInputEvents = YES;
				INFOPLIST_KEY_UILaunchScreen_Generation = YES;
				INFOPLIST_KEY_UISupportedInterfaceOrientations = UIInterfaceOrientationPortrait;
				INFOPLIST_KEY_UISupportedInterfaceOrientations_iPad = "UIInterfaceOrientationLandscapeLeft UIInterfaceOrientationLandscapeRight UIInterfaceOrientationPortrait UIInterfaceOrientationPortraitUpsideDown";
				IPHONEOS_DEPLOYMENT_TARGET = 18.0;
				LD_RUNPATH_SEARCH_PATHS = (
					"$(inherited)",
					"@executable_path/Frameworks",
				);
				MARKETING_VERSION = 1.0;
				PRODUCT_BUNDLE_IDENTIFIER = com.garrettbutchko.minimate.admin;
				PRODUCT_NAME = "$(TARGET_NAME)";
				STRING_CATALOG_GENERATE_SYMBOLS = YES;
				"SWIFT_ACTIVE_COMPILATION_CONDITIONS[arch=*]" = MANAGER;
				SWIFT_APPROACHABLE_CONCURRENCY = YES;
				SWIFT_DEFAULT_ACTOR_ISOLATION = MainActor;
				SWIFT_EMIT_LOC_STRINGS = YES;
				SWIFT_UPCOMING_FEATURE_MEMBER_IMPORT_VISIBILITY = YES;
				SWIFT_VERSION = 5.0;
				TARGETED_DEVICE_FAMILY = "1,2";
			};
			name = Release;
		};
/* End XCBuildConfiguration section */

/* Begin XCConfigurationList section */
		2102E2122F6C67A500F971E4 /* Build configuration list for PBXProject "admin-ios" */ = {
			isa = XCConfigurationList;
			buildConfigurations = (
				2102E2202F6C67A600F971E4 /* Debug */,
				2102E2212F6C67A600F971E4 /* Release */,
			);
			defaultConfigurationIsVisible = 0;
			defaultConfigurationName = Release;
		};
		2102E2222F6C67A600F971E4 /* Build configuration list for PBXNativeTarget "admin-ios" */ = {
			isa = XCConfigurationList;
			buildConfigurations = (
				2102E2232F6C67A600F971E4 /* Debug */,
				2102E2242F6C67A600F971E4 /* Release */,
			);
			defaultConfigurationIsVisible = 0;
			defaultConfigurationName = Release;
		};
/* End XCConfigurationList section */

/* Begin XCRemoteSwiftPackageReference section */
		2102937A2F6E26BC00375E34 /* XCRemoteSwiftPackageReference "GoogleSignIn-iOS" */ = {
			isa = XCRemoteSwiftPackageReference;
			repositoryURL = "https://github.com/google/GoogleSignIn-iOS.git";
			requirement = {
				kind = upToNextMajorVersion;
				minimumVersion = 9.1.0;
			};
		};
		2102E2252F6C680C00F971E4 /* XCRemoteSwiftPackageReference "firebase-ios-sdk" */ = {
			isa = XCRemoteSwiftPackageReference;
			repositoryURL = "https://github.com/firebase/firebase-ios-sdk";
			requirement = {
				kind = upToNextMajorVersion;
				minimumVersion = 12.11.0;
			};
		};
		21FA50A12F70E97B00701BBB /* XCRemoteSwiftPackageReference "MarqueeText" */ = {
			isa = XCRemoteSwiftPackageReference;
			repositoryURL = "https://github.com/joekndy/MarqueeText.git";
			requirement = {
				branch = master;
				kind = branch;
			};
		};
/* End XCRemoteSwiftPackageReference section */

/* Begin XCSwiftPackageProductDependency section */
		2102937B2F6E26BC00375E34 /* GoogleSignIn */ = {
			isa = XCSwiftPackageProductDependency;
			package = 2102937A2F6E26BC00375E34 /* XCRemoteSwiftPackageReference "GoogleSignIn-iOS" */;
			productName = GoogleSignIn;
		};
		2102937D2F6E26BC00375E34 /* GoogleSignInSwift */ = {
			isa = XCSwiftPackageProductDependency;
			package = 2102937A2F6E26BC00375E34 /* XCRemoteSwiftPackageReference "GoogleSignIn-iOS" */;
			productName = GoogleSignInSwift;
		};
		2102E2262F6C680C00F971E4 /* FirebaseAnalytics */ = {
			isa = XCSwiftPackageProductDependency;
			package = 2102E2252F6C680C00F971E4 /* XCRemoteSwiftPackageReference "firebase-ios-sdk" */;
			productName = FirebaseAnalytics;
		};
		2102E2282F6C680C00F971E4 /* FirebaseAuth */ = {
			isa = XCSwiftPackageProductDependency;
			package = 2102E2252F6C680C00F971E4 /* XCRemoteSwiftPackageReference "firebase-ios-sdk" */;
			productName = FirebaseAuth;
		};
		2102E22A2F6C680C00F971E4 /* FirebaseCore */ = {
			isa = XCSwiftPackageProductDependency;
			package = 2102E2252F6C680C00F971E4 /* XCRemoteSwiftPackageReference "firebase-ios-sdk" */;
			productName = FirebaseCore;
		};
		2102E22C2F6C680C00F971E4 /* FirebaseDatabase */ = {
			isa = XCSwiftPackageProductDependency;
			package = 2102E2252F6C680C00F971E4 /* XCRemoteSwiftPackageReference "firebase-ios-sdk" */;
			productName = FirebaseDatabase;
		};
		2102E22E2F6C680C00F971E4 /* FirebaseFirestore */ = {
			isa = XCSwiftPackageProductDependency;
			package = 2102E2252F6C680C00F971E4 /* XCRemoteSwiftPackageReference "firebase-ios-sdk" */;
			productName = FirebaseFirestore;
		};
		2102E2302F6C680C00F971E4 /* FirebaseStorage */ = {
			isa = XCSwiftPackageProductDependency;
			package = 2102E2252F6C680C00F971E4 /* XCRemoteSwiftPackageReference "firebase-ios-sdk" */;
			productName = FirebaseStorage;
		};
		21FA50A22F70E97B00701BBB /* MarqueeText */ = {
			isa = XCSwiftPackageProductDependency;
			package = 21FA50A12F70E97B00701BBB /* XCRemoteSwiftPackageReference "MarqueeText" */;
			productName = MarqueeText;
		};
/* End XCSwiftPackageProductDependency section */
	};
	rootObject = 2102E20F2F6C67A500F971E4 /* Project object */;
}
