// !$*UTF8*$!
{
	archiveVersion = 1;
	classes = {
	};
	objectVersion = 77;
	objects = {

/* Begin PBXBuildFile section */
		210293812F6E26D200375E34 /* GoogleSignIn in Frameworks */ = {isa = PBXBuildFile; productRef = 210293802F6E26D200375E34 /* GoogleSignIn */; };
		210293832F6E26D200375E34 /* GoogleSignInSwift in Frameworks */ = {isa = PBXBuildFile; productRef = 210293822F6E26D200375E34 /* GoogleSignInSwift */; };
		2102E1EF2F6C652E00F971E4 /* FirebaseAnalytics in Frameworks */ = {isa = PBXBuildFile; productRef = 2102E1EE2F6C652E00F971E4 /* FirebaseAnalytics */; };
		2102E1F12F6C653100F971E4 /* FirebaseAuth in Frameworks */ = {isa = PBXBuildFile; productRef = 2102E1F02F6C653100F971E4 /* FirebaseAuth */; };
		2102E1F32F6C653400F971E4 /* FirebaseCore in Frameworks */ = {isa = PBXBuildFile; productRef = 2102E1F22F6C653400F971E4 /* FirebaseCore */; };
		2102E1F52F6C653700F971E4 /* FirebaseDatabase in Frameworks */ = {isa = PBXBuildFile; productRef = 2102E1F42F6C653700F971E4 /* FirebaseDatabase */; };
		2102E1F72F6C653B00F971E4 /* FirebaseFirestore in Frameworks */ = {isa = PBXBuildFile; productRef = 2102E1F62F6C653B00F971E4 /* FirebaseFirestore */; };
		2102E1F92F6C653F00F971E4 /* FirebaseStorage in Frameworks */ = {isa = PBXBuildFile; productRef = 2102E1F82F6C653F00F971E4 /* FirebaseStorage */; };
		21D748632F71F6FB0014F6E7 /* GoogleMobileAds in Frameworks */ = {isa = PBXBuildFile; productRef = 21D748622F71F6FB0014F6E7 /* GoogleMobileAds */; };
		21D748662F71F7730014F6E7 /* ConfettiSwiftUI in Frameworks */ = {isa = PBXBuildFile; productRef = 21D748652F71F7730014F6E7 /* ConfettiSwiftUI */; };
		21FA50A02F70E96B00701BBB /* MarqueeText in Frameworks */ = {isa = PBXBuildFile; productRef = 21FA509F2F70E96B00701BBB /* MarqueeText */; };
/* End PBXBuildFile section */

/* Begin PBXFileReference section */
		21B56BBF2F64A65000DF589D /* user-ios.app */ = {isa = PBXFileReference; explicitFileType = wrapper.application; includeInIndex = 0; path = "user-ios.app"; sourceTree = BUILT_PRODUCTS_DIR; };
/* End PBXFileReference section */

/* Begin PBXFileSystemSynchronizedBuildFileExceptionSet section */
		21D7487F2F7232080014F6E7 /* Exceptions for "user-ios" folder in "user-ios" target */ = {
			isa = PBXFileSystemSynchronizedBuildFileExceptionSet;
			membershipExceptions = (
				Info.plist,
			);
			target = 21B56BBE2F64A65000DF589D /* user-ios */;
		};
/* End PBXFileSystemSynchronizedBuildFileExceptionSet section */

/* Begin PBXFileSystemSynchronizedRootGroup section */
		2155C0742F6654D3001BBDC5 /* sharedSwift */ = {
			isa = PBXFileSystemSynchronizedRootGroup;
			name = sharedSwift;
			path = ../sharedSwift;
			sourceTree = SOURCE_ROOT;
		};
		21B56BC12F64A65000DF589D /* user-ios */ = {
			isa = PBXFileSystemSynchronizedRootGroup;
			exceptions = (
				21D7487F2F7232080014F6E7 /* Exceptions for "user-ios" folder in "user-ios" target */,
			);
			path = "user-ios";
			sourceTree = "<group>";
		};
/* End PBXFileSystemSynchronizedRootGroup section */

/* Begin PBXFrameworksBuildPhase section */
		21B56BBC2F64A65000DF589D /* Frameworks */ = {
			isa = PBXFrameworksBuildPhase;
			buildActionMask = 2147483647;
			files = (
				2102E1EF2F6C652E00F971E4 /* FirebaseAnalytics in Frameworks */,
				2102E1F32F6C653400F971E4 /* FirebaseCore in Frameworks */,
				21D748632F71F6FB0014F6E7 /* GoogleMobileAds in Frameworks */,
				2102E1F52F6C653700F971E4 /* FirebaseDatabase in Frameworks */,
				21FA50A02F70E96B00701BBB /* MarqueeText in Frameworks */,
				210293832F6E26D200375E34 /* GoogleSignInSwift in Frameworks */,
				2102E1F72F6C653B00F971E4 /* FirebaseFirestore in Frameworks */,
				2102E1F12F6C653100F971E4 /* FirebaseAuth in Frameworks */,
				2102E1F92F6C653F00F971E4 /* FirebaseStorage in Frameworks */,
				210293812F6E26D200375E34 /* GoogleSignIn in Frameworks */,
				21D748662F71F7730014F6E7 /* ConfettiSwiftUI in Frameworks */,
			);
			runOnlyForDeploymentPostprocessing = 0;
		};
/* End PBXFrameworksBuildPhase section */

/* Begin PBXGroup section */
		2102E1ED2F6C652E00F971E4 /* Frameworks */ = {
			isa = PBXGroup;
			children = (
			);
			name = Frameworks;
			sourceTree = "<group>";
		};
		21B56BB62F64A65000DF589D = {
			isa = PBXGroup;
			children = (
				2155C0742F6654D3001BBDC5 /* sharedSwift */,
				21B56BC12F64A65000DF589D /* user-ios */,
				2102E1ED2F6C652E00F971E4 /* Frameworks */,
				21B56BC02F64A65000DF589D /* Products */,
			);
			sourceTree = "<group>";
		};
		21B56BC02F64A65000DF589D /* Products */ = {
			isa = PBXGroup;
			children = (
				21B56BBF2F64A65000DF589D /* user-ios.app */,
			);
			name = Products;
			sourceTree = "<group>";
		};
/* End PBXGroup section */

/* Begin PBXNativeTarget section */
		21B56BBE2F64A65000DF589D /* user-ios */ = {
			isa = PBXNativeTarget;
			buildConfigurationList = 21B56BCA2F64A65100DF589D /* Build configuration list for PBXNativeTarget "user-ios" */;
			buildPhases = (
				21B56D672F64AE5C00DF589D /* ShellScript */,
				21B56BBB2F64A65000DF589D /* Sources */,
				21B56BBC2F64A65000DF589D /* Frameworks */,
				21B56BBD2F64A65000DF589D /* Resources */,
			);
			buildRules = (
			);
			dependencies = (
			);
			fileSystemSynchronizedGroups = (
				2155C0742F6654D3001BBDC5 /* sharedSwift */,
				21B56BC12F64A65000DF589D /* user-ios */,
			);
			name = "user-ios";
			packageProductDependencies = (
				2102E1EE2F6C652E00F971E4 /* FirebaseAnalytics */,
				2102E1F02F6C653100F971E4 /* FirebaseAuth */,
				2102E1F22F6C653400F971E4 /* FirebaseCore */,
				2102E1F42F6C653700F971E4 /* FirebaseDatabase */,
				2102E1F62F6C653B00F971E4 /* FirebaseFirestore */,
				2102E1F82F6C653F00F971E4 /* FirebaseStorage */,
				210293802F6E26D200375E34 /* GoogleSignIn */,
				210293822F6E26D200375E34 /* GoogleSignInSwift */,
				21FA509F2F70E96B00701BBB /* MarqueeText */,
				21D748622F71F6FB0014F6E7 /* GoogleMobileAds */,
				21D748652F71F7730014F6E7 /* ConfettiSwiftUI */,
			);
			productName = "user-ios";
			productReference = 21B56BBF2F64A65000DF589D /* user-ios.app */;
			productType = "com.apple.product-type.application";
		};
/* End PBXNativeTarget section */

/* Begin PBXProject section */
		21B56BB72F64A65000DF589D /* Project object */ = {
			isa = PBXProject;
			attributes = {
				BuildIndependentTargetsInParallel = 1;
				LastSwiftUpdateCheck = 2630;
				LastUpgradeCheck = 2630;
				TargetAttributes = {
					21B56BBE2F64A65000DF589D = {
						CreatedOnToolsVersion = 26.3;
					};
				};
			};
			buildConfigurationList = 21B56BBA2F64A65000DF589D /* Build configuration list for PBXProject "user-ios" */;
			developmentRegion = en;
			hasScannedForEncodings = 0;
			knownRegions = (
				en,
				Base,
			);
			mainGroup = 21B56BB62F64A65000DF589D;
			minimizedProjectReferenceProxies = 1;
			packageReferences = (
				2155C0962F6667C4001BBDC5 /* XCRemoteSwiftPackageReference "firebase-ios-sdk" */,
				2102937F2F6E26D200375E34 /* XCRemoteSwiftPackageReference "GoogleSignIn-iOS" */,
				21FA509E2F70E96B00701BBB /* XCRemoteSwiftPackageReference "MarqueeText" */,
				21D748612F71F6FB0014F6E7 /* XCRemoteSwiftPackageReference "swift-package-manager-google-mobile-ads" */,
				21D748642F71F7730014F6E7 /* XCRemoteSwiftPackageReference "ConfettiSwiftUI" */,
			);
			preferredProjectObjectVersion = 77;
			productRefGroup = 21B56BC02F64A65000DF589D /* Products */;
			projectDirPath = "";
			projectRoot = "";
			targets = (
				21B56BBE2F64A65000DF589D /* user-ios */,
			);
		};
/* End PBXProject section */

/* Begin PBXResourcesBuildPhase section */
		21B56BBD2F64A65000DF589D /* Resources */ = {
			isa = PBXResourcesBuildPhase;
			buildActionMask = 2147483647;
			files = (
			);
			runOnlyForDeploymentPostprocessing = 0;
		};
/* End PBXResourcesBuildPhase section */

/* Begin PBXShellScriptBuildPhase section */
		21B56D672F64AE5C00DF589D /* ShellScript */ = {
			isa = PBXShellScriptBuildPhase;
			alwaysOutOfDate = 1;
			buildActionMask = 2147483647;
			files = (
			);
			inputFileListPaths = (
			);
			inputPaths = (
			);
			outputFileListPaths = (
			);
			outputPaths = (
			);
			runOnlyForDeploymentPostprocessing = 0;
			shellPath = /bin/sh;
			shellScript = "if [ \"YES\" = \"$OVERRIDE_KOTLIN_BUILD_IDE_SUPPORTED\" ]; then\n    echo \"Skipping Gradle build task invocation due to OVERRIDE_KOTLIN_BUILD_IDE_SUPPORTED environment variable set to \\\"YES\\\"\"\n    exit 0\nfi\n\nexport JAVA_HOME=$(/usr/libexec/java_home -v 17)\ncd \"$SRCROOT/../../..\"\n./gradlew :shared-user:embedAndSignAppleFrameworkForXcode\n";
		};
/* End PBXShellScriptBuildPhase section */

/* Begin PBXSourcesBuildPhase section */
		21B56BBB2F64A65000DF589D /* Sources */ = {
			isa = PBXSourcesBuildPhase;
			buildActionMask = 2147483647;
			files = (
			);
			runOnlyForDeploymentPostprocessing = 0;
		};
/* End PBXSourcesBuildPhase section */

/* Begin XCBuildConfiguration section */
		21B56BC82F64A65100DF589D /* Debug */ = {
			isa = XCBuildConfiguration;
			buildSettings = {
				ALWAYS_SEARCH_USER_PATHS = NO;
				ASSETCATALOG_COMPILER_GENERATE_SWIFT_ASSET_SYMBOL_EXTENSIONS = YES;
				CLANG_ANALYZER_NONNULL = YES;
				CLANG_ANALYZER_NUMBER_OBJECT_CONVERSION = YES_AGGRESSIVE;
				CLANG_CXX_LANGUAGE_STANDARD = "gnu++20";
				CLANG_ENABLE_MODULES = YES;
				CLANG_ENABLE_OBJC_ARC = YES;
				CLANG_ENABLE_OBJC_WEAK = YES;
				CLANG_WARN_BLOCK_CAPTURE_AUTORELEASING = YES;
				CLANG_WARN_BOOL_CONVERSION = YES;
				CLANG_WARN_COMMA = YES;
				CLANG_WARN_CONSTANT_CONVERSION = YES;
				CLANG_WARN_DEPRECATED_OBJC_IMPLEMENTATIONS = YES;
				CLANG_WARN_DIRECT_OBJC_ISA_USAGE = YES_ERROR;
				CLANG_WARN_DOCUMENTATION_COMMENTS = YES;
				CLANG_WARN_EMPTY_BODY = YES;
				CLANG_WARN_ENUM_CONVERSION = YES;
				CLANG_WARN_INFINITE_RECURSION = YES;
				CLANG_WARN_INT_CONVERSION = YES;
				CLANG_WARN_NON_LITERAL_NULL_CONVERSION = YES;
				CLANG_WARN_OBJC_IMPLICIT_RETAIN_SELF = YES;
				CLANG_WARN_OBJC_LITERAL_CONVERSION = YES;
				CLANG_WARN_OBJC_ROOT_CLASS = YES_ERROR;
				CLANG_WARN_QUOTED_INCLUDE_IN_FRAMEWORK_HEADER = YES;
				CLANG_WARN_RANGE_LOOP_ANALYSIS = YES;
				CLANG_WARN_STRICT_PROTOTYPES = YES;
				CLANG_WARN_SUSPICIOUS_MOVE = YES;
				CLANG_WARN_UNGUARDED_AVAILABILITY = YES_AGGRESSIVE;
				CLANG_WARN_UNREACHABLE_CODE = YES;
				CLANG_WARN__DUPLICATE_METHOD_MATCH = YES;
				COPY_PHASE_STRIP = NO;
				DEBUG_INFORMATION_FORMAT = dwarf;
				DEVELOPMENT_TEAM = PCUSPZK2L4;
				ENABLE_STRICT_OBJC_MSGSEND = YES;
				ENABLE_TESTABILITY = YES;
				ENABLE_USER_SCRIPT_SANDBOXING = NO;
				GCC_C_LANGUAGE_STANDARD = gnu17;
				GCC_DYNAMIC_NO_PIC = NO;
				GCC_NO_COMMON_BLOCKS = YES;
				GCC_OPTIMIZATION_LEVEL = 0;
				GCC_PREPROCESSOR_DEFINITIONS = (
					"DEBUG=1",
					"$(inherited)",
				);
				GCC_WARN_64_TO_32_BIT_CONVERSION = YES;
				GCC_WARN_ABOUT_RETURN_TYPE = YES_ERROR;
				GCC_WARN_UNDECLARED_SELECTOR = YES;
				GCC_WARN_UNINITIALIZED_AUTOS = YES_AGGRESSIVE;
				GCC_WARN_UNUSED_FUNCTION = YES;
				GCC_WARN_UNUSED_VARIABLE = YES;
				IPHONEOS_DEPLOYMENT_TARGET = 26.2;
				LOCALIZATION_PREFERS_STRING_CATALOGS = YES;
				MTL_ENABLE_DEBUG_INFO = INCLUDE_SOURCE;
				MTL_FAST_MATH = YES;
				ONLY_ACTIVE_ARCH = YES;
				SDKROOT = iphoneos;
				SWIFT_ACTIVE_COMPILATION_CONDITIONS = "DEBUG $(inherited)";
				SWIFT_OPTIMIZATION_LEVEL = "-Onone";
			};
			name = Debug;
		};
		21B56BC92F64A65100DF589D /* Release */ = {
			isa = XCBuildConfiguration;
			buildSettings = {
				ALWAYS_SEARCH_USER_PATHS = NO;
				ASSETCATALOG_COMPILER_GENERATE_SWIFT_ASSET_SYMBOL_EXTENSIONS = YES;
				CLANG_ANALYZER_NONNULL = YES;
				CLANG_ANALYZER_NUMBER_OBJECT_CONVERSION = YES_AGGRESSIVE;
				CLANG_CXX_LANGUAGE_STANDARD = "gnu++20";
				CLANG_ENABLE_MODULES = YES;
				CLANG_ENABLE_OBJC_ARC = YES;
				CLANG_ENABLE_OBJC_WEAK = YES;
				CLANG_WARN_BLOCK_CAPTURE_AUTORELEASING = YES;
				CLANG_WARN_BOOL_CONVERSION = YES;
				CLANG_WARN_COMMA = YES;
				CLANG_WARN_CONSTANT_CONVERSION = YES;
				CLANG_WARN_DEPRECATED_OBJC_IMPLEMENTATIONS = YES;
				CLANG_WARN_DIRECT_OBJC_ISA_USAGE = YES_ERROR;
				CLANG_WARN_DOCUMENTATION_COMMENTS = YES;
				CLANG_WARN_EMPTY_BODY = YES;
				CLANG_WARN_ENUM_CONVERSION = YES;
				CLANG_WARN_INFINITE_RECURSION = YES;
				CLANG_WARN_INT_CONVERSION = YES;
				CLANG_WARN_NON_LITERAL_NULL_CONVERSION = YES;
				CLANG_WARN_OBJC_IMPLICIT_RETAIN_SELF = YES;
				CLANG_WARN_OBJC_LITERAL_CONVERSION = YES;
				CLANG_WARN_OBJC_ROOT_CLASS = YES_ERROR;
				CLANG_WARN_QUOTED_INCLUDE_IN_FRAMEWORK_HEADER = YES;
				CLANG_WARN_RANGE_LOOP_ANALYSIS = YES;
				CLANG_WARN_STRICT_PROTOTYPES = YES;
				CLANG_WARN_SUSPICIOUS_MOVE = YES;
				CLANG_WARN_UNGUARDED_AVAILABILITY = YES_AGGRESSIVE;
				CLANG_WARN_UNREACHABLE_CODE = YES;
				CLANG_WARN__DUPLICATE_METHOD_MATCH = YES;
				COPY_PHASE_STRIP = NO;
				DEBUG_INFORMATION_FORMAT = "dwarf-with-dsym";
				DEVELOPMENT_TEAM = PCUSPZK2L4;
				ENABLE_NS_ASSERTIONS = NO;
				ENABLE_STRICT_OBJC_MSGSEND = YES;
				ENABLE_USER_SCRIPT_SANDBOXING = NO;
				GCC_C_LANGUAGE_STANDARD = gnu17;
				GCC_NO_COMMON_BLOCKS = YES;
				GCC_WARN_64_TO_32_BIT_CONVERSION = YES;
				GCC_WARN_ABOUT_RETURN_TYPE = YES_ERROR;
				GCC_WARN_UNDECLARED_SELECTOR = YES;
				GCC_WARN_UNINITIALIZED_AUTOS = YES_AGGRESSIVE;
				GCC_WARN_UNUSED_FUNCTION = YES;
				GCC_WARN_UNUSED_VARIABLE = YES;
				IPHONEOS_DEPLOYMENT_TARGET = 26.2;
				LOCALIZATION_PREFERS_STRING_CATALOGS = YES;
				MTL_ENABLE_DEBUG_INFO = NO;
				MTL_FAST_MATH = YES;
				SDKROOT = iphoneos;
				SWIFT_COMPILATION_MODE = wholemodule;
				VALIDATE_PRODUCT = YES;
			};
			name = Release;
		};
		21B56BCB2F64A65100DF589D /* Debug */ = {
			isa = XCBuildConfiguration;
			buildSettings = {
				ASSETCATALOG_COMPILER_APPICON_NAME = mm_appicon;
				ASSETCATALOG_COMPILER_GLOBAL_ACCENT_COLOR_NAME = AccentColor;
				CODE_SIGN_ENTITLEMENTS = "user-ios/user-ios.entitlements";
				CODE_SIGN_STYLE = Automatic;
				CURRENT_PROJECT_VERSION = 1;
				DEVELOPMENT_TEAM = PCUSPZK2L4;
				ENABLE_PREVIEWS = YES;
				GENERATE_INFOPLIST_FILE = YES;
				INFOPLIST_FILE = "user-ios/Info.plist";
				INFOPLIST_KEY_CFBundleDisplayName = "Mini Mate";
				INFOPLIST_KEY_NSCameraUsageDescription = "Needed for qr scanning";
				INFOPLIST_KEY_NSLocationAlwaysAndWhenInUseUsageDescription = "Needed for tracking your current position.";
				INFOPLIST_KEY_NSLocationWhenInUseUsageDescription = "We use your location to show where mini golf courses are close to you and to log in your game data.";
				INFOPLIST_KEY_UIApplicationSceneManifest_Generation = YES;
				INFOPLIST_KEY_UIApplicationSupportsIndirectInputEvents = YES;
				INFOPLIST_KEY_UILaunchScreen_Generation = YES;
				INFOPLIST_KEY_UISupportedInterfaceOrientations = UIInterfaceOrientationPortrait;
				INFOPLIST_KEY_UISupportedInterfaceOrientations_iPad = "UIInterfaceOrientationLandscapeLeft UIInterfaceOrientationLandscapeRight UIInterfaceOrientationPortrait UIInterfaceOrientationPortraitUpsideDown";
				IPHONEOS_DEPLOYMENT_TARGET = 18.0;
				LD_RUNPATH_SEARCH_PATHS = (
					"$(inherited)",
					"@executable_path/Frameworks",
				);
				MARKETING_VERSION = 1.0;
				PRODUCT_BUNDLE_IDENTIFIER = com.garrettbutchko.minimate.user;
				PRODUCT_NAME = "$(TARGET_NAME)";
				STRING_CATALOG_GENERATE_SYMBOLS = YES;
				SWIFT_ACTIVE_COMPILATION_CONDITIONS = MINIMATE;
				SWIFT_APPROACHABLE_CONCURRENCY = YES;
				SWIFT_DEFAULT_ACTOR_ISOLATION = MainActor;
				SWIFT_EMIT_LOC_STRINGS = YES;
				SWIFT_UPCOMING_FEATURE_MEMBER_IMPORT_VISIBILITY = YES;
				SWIFT_VERSION = 5.0;
				TARGETED_DEVICE_FAMILY = "1,2";
			};
			name = Debug;
		};
		21B56BCC2F64A65100DF589D /* Release */ = {
			isa = XCBuildConfiguration;
			buildSettings = {
				ASSETCATALOG_COMPILER_APPICON_NAME = mm_appicon;
				ASSETCATALOG_COMPILER_GLOBAL_ACCENT_COLOR_NAME = AccentColor;
				CODE_SIGN_ENTITLEMENTS = "user-ios/user-ios.entitlements";
				CODE_SIGN_STYLE = Automatic;
				CURRENT_PROJECT_VERSION = 1;
				DEVELOPMENT_TEAM = PCUSPZK2L4;
				ENABLE_PREVIEWS = YES;
				GENERATE_INFOPLIST_FILE = YES;
				INFOPLIST_FILE = "user-ios/Info.plist";
				INFOPLIST_KEY_CFBundleDisplayName = "Mini Mate";
				INFOPLIST_KEY_NSCameraUsageDescription = "Needed for qr scanning";
				INFOPLIST_KEY_NSLocationAlwaysAndWhenInUseUsageDescription = "Needed for tracking your current position.";
				INFOPLIST_KEY_NSLocationWhenInUseUsageDescription = "We use your location to show where mini golf courses are close to you and to log in your game data.";
				INFOPLIST_KEY_UIApplicationSceneManifest_Generation = YES;
				INFOPLIST_KEY_UIApplicationSupportsIndirectInputEvents = YES;
				INFOPLIST_KEY_UILaunchScreen_Generation = YES;
				INFOPLIST_KEY_UISupportedInterfaceOrientations = UIInterfaceOrientationPortrait;
				INFOPLIST_KEY_UISupportedInterfaceOrientations_iPad = "UIInterfaceOrientationLandscapeLeft UIInterfaceOrientationLandscapeRight UIInterfaceOrientationPortrait UIInterfaceOrientationPortraitUpsideDown";
				IPHONEOS_DEPLOYMENT_TARGET = 18.0;
				LD_RUNPATH_SEARCH_PATHS = (
					"$(inherited)",
					"@executable_path/Frameworks",
				);
				MARKETING_VERSION = 1.0;
				PRODUCT_BUNDLE_IDENTIFIER = com.garrettbutchko.minimate.user;
				PRODUCT_NAME = "$(TARGET_NAME)";
				STRING_CATALOG_GENERATE_SYMBOLS = YES;
				"SWIFT_ACTIVE_COMPILATION_CONDITIONS[arch=*]" = MINIMATE;
				SWIFT_APPROACHABLE_CONCURRENCY = YES;
				SWIFT_DEFAULT_ACTOR_ISOLATION = MainActor;
				SWIFT_EMIT_LOC_STRINGS = YES;
				SWIFT_UPCOMING_FEATURE_MEMBER_IMPORT_VISIBILITY = YES;
				SWIFT_VERSION = 5.0;
				TARGETED_DEVICE_FAMILY = "1,2";
			};
			name = Release;
		};
/* End XCBuildConfiguration section */

/* Begin XCConfigurationList section */
		21B56BBA2F64A65000DF589D /* Build configuration list for PBXProject "user-ios" */ = {
			isa = XCConfigurationList;
			buildConfigurations = (
				21B56BC82F64A65100DF589D /* Debug */,
				21B56BC92F64A65100DF589D /* Release */,
			);
			defaultConfigurationIsVisible = 0;
			defaultConfigurationName = Release;
		};
		21B56BCA2F64A65100DF589D /* Build configuration list for PBXNativeTarget "user-ios" */ = {
			isa = XCConfigurationList;
			buildConfigurations = (
				21B56BCB2F64A65100DF589D /* Debug */,
				21B56BCC2F64A65100DF589D /* Release */,
			);
			defaultConfigurationIsVisible = 0;
			defaultConfigurationName = Release;
		};
/* End XCConfigurationList section */

/* Begin XCRemoteSwiftPackageReference section */
		2102937F2F6E26D200375E34 /* XCRemoteSwiftPackageReference "GoogleSignIn-iOS" */ = {
			isa = XCRemoteSwiftPackageReference;
			repositoryURL = "https://github.com/google/GoogleSignIn-iOS.git";
			requirement = {
				kind = upToNextMajorVersion;
				minimumVersion = 9.1.0;
			};
		};
		2155C0962F6667C4001BBDC5 /* XCRemoteSwiftPackageReference "firebase-ios-sdk" */ = {
			isa = XCRemoteSwiftPackageReference;
			repositoryURL = "https://github.com/firebase/firebase-ios-sdk";
			requirement = {
				kind = upToNextMajorVersion;
				minimumVersion = 12.10.0;
			};
		};
		21D748612F71F6FB0014F6E7 /* XCRemoteSwiftPackageReference "swift-package-manager-google-mobile-ads" */ = {
			isa = XCRemoteSwiftPackageReference;
			repositoryURL = "https://github.com/googleads/swift-package-manager-google-mobile-ads.git";
			requirement = {
				kind = upToNextMajorVersion;
				minimumVersion = 13.1.0;
			};
		};
		21D748642F71F7730014F6E7 /* XCRemoteSwiftPackageReference "ConfettiSwiftUI" */ = {
			isa = XCRemoteSwiftPackageReference;
			repositoryURL = "https://github.com/simibac/ConfettiSwiftUI.git";
			requirement = {
				kind = upToNextMajorVersion;
				minimumVersion = 3.0.0;
			};
		};
		21FA509E2F70E96B00701BBB /* XCRemoteSwiftPackageReference "MarqueeText" */ = {
			isa = XCRemoteSwiftPackageReference;
			repositoryURL = "https://github.com/joekndy/MarqueeText.git";
			requirement = {
				kind = upToNextMajorVersion;
				minimumVersion = 1.0.0;
			};
		};
/* End XCRemoteSwiftPackageReference section */

/* Begin XCSwiftPackageProductDependency section */
		210293802F6E26D200375E34 /* GoogleSignIn */ = {
			isa = XCSwiftPackageProductDependency;
			package = 2102937F2F6E26D200375E34 /* XCRemoteSwiftPackageReference "GoogleSignIn-iOS" */;
			productName = GoogleSignIn;
		};
		210293822F6E26D200375E34 /* GoogleSignInSwift */ = {
			isa = XCSwiftPackageProductDependency;
			package = 2102937F2F6E26D200375E34 /* XCRemoteSwiftPackageReference "GoogleSignIn-iOS" */;
			productName = GoogleSignInSwift;
		};
		2102E1EE2F6C652E00F971E4 /* FirebaseAnalytics */ = {
			isa = XCSwiftPackageProductDependency;
			package = 2155C0962F6667C4001BBDC5 /* XCRemoteSwiftPackageReference "firebase-ios-sdk" */;
			productName = FirebaseAnalytics;
		};
		2102E1F02F6C653100F971E4 /* FirebaseAuth */ = {
			isa = XCSwiftPackageProductDependency;
			package = 2155C0962F6667C4001BBDC5 /* XCRemoteSwiftPackageReference "firebase-ios-sdk" */;
			productName = FirebaseAuth;
		};
		2102E1F22F6C653400F971E4 /* FirebaseCore */ = {
			isa = XCSwiftPackageProductDependency;
			package = 2155C0962F6667C4001BBDC5 /* XCRemoteSwiftPackageReference "firebase-ios-sdk" */;
			productName = FirebaseCore;
		};
		2102E1F42F6C653700F971E4 /* FirebaseDatabase */ = {
			isa = XCSwiftPackageProductDependency;
			package = 2155C0962F6667C4001BBDC5 /* XCRemoteSwiftPackageReference "firebase-ios-sdk" */;
			productName = FirebaseDatabase;
		};
		2102E1F62F6C653B00F971E4 /* FirebaseFirestore */ = {
			isa = XCSwiftPackageProductDependency;
			package = 2155C0962F6667C4001BBDC5 /* XCRemoteSwiftPackageReference "firebase-ios-sdk" */;
			productName = FirebaseFirestore;
		};
		2102E1F82F6C653F00F971E4 /* FirebaseStorage */ = {
			isa = XCSwiftPackageProductDependency;
			package = 2155C0962F6667C4001BBDC5 /* XCRemoteSwiftPackageReference "firebase-ios-sdk" */;
			productName = FirebaseStorage;
		};
		21D748622F71F6FB0014F6E7 /* GoogleMobileAds */ = {
			isa = XCSwiftPackageProductDependency;
			package = 21D748612F71F6FB0014F6E7 /* XCRemoteSwiftPackageReference "swift-package-manager-google-mobile-ads" */;
			productName = GoogleMobileAds;
		};
		21D748652F71F7730014F6E7 /* ConfettiSwiftUI */ = {
			isa = XCSwiftPackageProductDependency;
			package = 21D748642F71F7730014F6E7 /* XCRemoteSwiftPackageReference "ConfettiSwiftUI" */;
			productName = ConfettiSwiftUI;
		};
		21FA509F2F70E96B00701BBB /* MarqueeText */ = {
			isa = XCSwiftPackageProductDependency;
			package = 21FA509E2F70E96B00701BBB /* XCRemoteSwiftPackageReference "MarqueeText" */;
			productName = MarqueeText;
		};
/* End XCSwiftPackageProductDependency section */
	};
	rootObject = 21B56BB72F64A65000DF589D /* Project object */;
}
